{
  "name": "Mindspace",
  "lockfileVersion": 3,
  "requires": true,
  "packages": {
    "": {
      "dependencies": {
        "@emailjs/nodejs": "^5.0.2"
      },
      "devDependencies": {
        "@types/node": "^25.9.3"
      }
    },
    "node_modules/@emailjs/nodejs": {
      "version": "5.0.2",
      "resolved": "https://registry.npmjs.org/@emailjs/nodejs/-/nodejs-5.0.2.tgz",
      "integrity": "sha512-+BrO5rF0msaoEeSKxoa64weUkczd3fTXRCB8/EnKaIRzC8B1EyLDZfr9vYK5TNG/U3Eco9cpjMNnA1IlUBkmOw==",
      "license": "BSD-3-Clause",
      "engines": {
        "node": ">=18.0.0"
      }
    },
    "node_modules/@types/node": {
      "version": "25.9.3",
      "resolved": "https://registry.npmjs.org/@types/node/-/node-25.9.3.tgz",
      "integrity": "sha512-603BddQMv3pUcr4U2dhujk83N2tTDVr/34wII2B6bJy6g+8WD6yUb11jszNs0gdi4PesVWl7ABt8nYMVpnLUcg==",
      "dev": true,
      "license": "MIT",
      "dependencies": {
        "undici-types": ">=7.24.0 <7.24.7"
      }
    },
    "node_modules/undici-types": {
      "version": "7.24.6",
      "resolved": "https://registry.npmjs.org/undici-types/-/undici-types-7.24.6.tgz",
      "integrity": "sha512-WRNW+sJgj5OBN4/0JpHFqtqzhpbnV0GuB+OozA9gCL7a993SmU+1JBZCzLNxYsbMfIeDL+lTsphD5jN5N+n0zg==",
      "dev": true,
      "license": "MIT"
    }
  }
}
